
Microsoft Visual Studio Solution File, Format Version 12.00
# Visual Studio Version 17
VisualStudioVersion = 17.3.32922.545
MinimumVisualStudioVersion = 10.0.40219.1
Project("{FAE04EC0-301F-11D3-BF4B-00C04F79EFBC}") = "FigureAreaCalulator", "FigureAreaCalulator\FigureAreaCalulator.csproj", "{43A1E3BA-663A-481A-9B35-D3A01C2E3D7B}"
EndProject
Project("{FAE04EC0-301F-11D3-BF4B-00C04F79EFBC}") = "AreaCalculatorConsoleApp", "AreaCalculatorConsoleApp\AreaCalculatorConsoleApp.csproj", "{698F002A-0F2A-45E0-A9CB-86C0D65A2670}"
EndProject
Project("{FAE04EC0-301F-11D3-BF4B-00C04F79EFBC}") = "AreaCalculatorTest", "AreaCalculatorTest\AreaCalculatorTest.csproj", "{DE1A93BD-2F7D-4469-9F06-FE694D641891}"
EndProject
Global
	GlobalSection(SolutionConfigurationPlatforms) = preSolution
		Debug|Any CPU = Debug|Any CPU
		Release|Any CPU = Release|Any CPU
	EndGlobalSection
	GlobalSection(ProjectConfigurationPlatforms) = postSolution
		{43A1E3BA-663A-481A-9B35-D3A01C2E3D7B}.Debug|Any CPU.ActiveCfg = Debug|Any CPU
		{43A1E3BA-663A-481A-9B35-D3A01C2E3D7B}.Debug|Any CPU.Build.0 = Debug|Any CPU
		{43A1E3BA-663A-481A-9B35-D3A01C2E3D7B}.Release|Any CPU.ActiveCfg = Release|Any CPU
		{43A1E3BA-663A-481A-9B35-D3A01C2E3D7B}.Release|Any CPU.Build.0 = Release|Any CPU
		{698F002A-0F2A-45E0-A9CB-86C0D65A2670}.Debug|Any CPU.ActiveCfg = Debug|Any CPU
		{698F002A-0F2A-45E0-A9CB-86C0D65A2670}.Debug|Any CPU.Build.0 = Debug|Any CPU
		{698F002A-0F2A-45E0-A9CB-86C0D65A2670}.Release|Any CPU.ActiveCfg = Release|Any CPU
		{698F002A-0F2A-45E0-A9CB-86C0D65A2670}.Release|Any CPU.Build.0 = Release|Any CPU
		{DE1A93BD-2F7D-4469-9F06-FE694D641891}.Debug|Any CPU.ActiveCfg = Debug|Any CPU
		{DE1A93BD-2F7D-4469-9F06-FE694D641891}.Debug|Any CPU.Build.0 = Debug|Any CPU
		{DE1A93BD-2F7D-4469-9F06-FE694D641891}.Release|Any CPU.ActiveCfg = Release|Any CPU
		{DE1A93BD-2F7D-4469-9F06-FE694D641891}.Release|Any CPU.Build.0 = Release|Any CPU
	EndGlobalSection
	GlobalSection(SolutionProperties) = preSolution
		HideSolutionNode = FALSE
	EndGlobalSection
	GlobalSection(ExtensibilityGlobals) = postSolution
		SolutionGuid = {A4C8AE22-5554-4FD1-9326-B389742DA8D0}
	EndGlobalSection
EndGlobal
